
Microsoft Visual Studio Solution File, Format Version 12.00
# Visual Studio Version 17
VisualStudioVersion = 17.2.32602.215
MinimumVisualStudioVersion = 10.0.40219.1
Project("{9A19103F-16F7-4668-BE54-9A1E7A4F7556}") = "CSharp.Features.6.0", "CSharp.Features.6.0\CSharp.Features.6.0.csproj", "{A156F9C7-E11E-442C-9DA3-C0F500C5ECF6}"
EndProject
Global
	GlobalSection(SolutionConfigurationPlatforms) = preSolution
		Debug|Any CPU = Debug|Any CPU
		Release|Any CPU = Release|Any CPU
	EndGlobalSection
	GlobalSection(ProjectConfigurationPlatforms) = postSolution
		{A156F9C7-E11E-442C-9DA3-C0F500C5ECF6}.Debug|Any CPU.ActiveCfg = Debug|Any CPU
		{A156F9C7-E11E-442C-9DA3-C0F500C5ECF6}.Debug|Any CPU.Build.0 = Debug|Any CPU
		{A156F9C7-E11E-442C-9DA3-C0F500C5ECF6}.Release|Any CPU.ActiveCfg = Release|Any CPU
		{A156F9C7-E11E-442C-9DA3-C0F500C5ECF6}.Release|Any CPU.Build.0 = Release|Any CPU
	EndGlobalSection
	GlobalSection(SolutionProperties) = preSolution
		HideSolutionNode = FALSE
	EndGlobalSection
	GlobalSection(ExtensibilityGlobals) = postSolution
		SolutionGuid = {EE97C169-92E6-428D-B363-67D0D992E711}
	EndGlobalSection
EndGlobal
